
Microsoft Visual Studio Solution File, Format Version 12.00
# Visual Studio 14
VisualStudioVersion = 14.0.23107.0
MinimumVisualStudioVersion = 10.0.40219.1
Project("{FAE04EC0-301F-11D3-BF4B-00C04F79EFBC}") = "Tiotioaki.Core", "Tiotioaki.Core\Tiotioaki.Core.csproj", "{F0F184A4-98AF-4FE9-92D9-5B02A726261E}"
EndProject
Project("{2150E333-8FDC-42A3-9474-1A3956D46DE8}") = "Tiotioaki.Core", "Tiotioaki.Core", "{249BBE9A-8C87-4782-8603-FFDC20306B7C}"
EndProject
Project("{2150E333-8FDC-42A3-9474-1A3956D46DE8}") = "Tiotioaki.Data", "Tiotioaki.Data", "{D12CD1C7-7274-428E-86D1-E958CADC5FC2}"
EndProject
Project("{FAE04EC0-301F-11D3-BF4B-00C04F79EFBC}") = "Tiotioaki.Data", "Tiotioaki.Data\Tiotioaki.Data.csproj", "{6CD5FFF5-8CC0-4B32-BACD-8CC3CEAFD882}"
EndProject
Project("{2150E333-8FDC-42A3-9474-1A3956D46DE8}") = "Tiotioaki", "Tiotioaki", "{7B32F916-C9D6-4C55-A870-681E6C7F298D}"
EndProject
Project("{FAE04EC0-301F-11D3-BF4B-00C04F79EFBC}") = "Tiotioaki", "Tiotioaki\Tiotioaki.csproj", "{3A2E1033-33A9-4A75-A166-C9C565B59820}"
EndProject
Global
	GlobalSection(SolutionConfigurationPlatforms) = preSolution
		Debug|Any CPU = Debug|Any CPU
		Release|Any CPU = Release|Any CPU
	EndGlobalSection
	GlobalSection(ProjectConfigurationPlatforms) = postSolution
		{F0F184A4-98AF-4FE9-92D9-5B02A726261E}.Debug|Any CPU.ActiveCfg = Debug|Any CPU
		{F0F184A4-98AF-4FE9-92D9-5B02A726261E}.Debug|Any CPU.Build.0 = Debug|Any CPU
		{F0F184A4-98AF-4FE9-92D9-5B02A726261E}.Release|Any CPU.ActiveCfg = Release|Any CPU
		{F0F184A4-98AF-4FE9-92D9-5B02A726261E}.Release|Any CPU.Build.0 = Release|Any CPU
		{6CD5FFF5-8CC0-4B32-BACD-8CC3CEAFD882}.Debug|Any CPU.ActiveCfg = Debug|Any CPU
		{6CD5FFF5-8CC0-4B32-BACD-8CC3CEAFD882}.Debug|Any CPU.Build.0 = Debug|Any CPU
		{6CD5FFF5-8CC0-4B32-BACD-8CC3CEAFD882}.Release|Any CPU.ActiveCfg = Release|Any CPU
		{6CD5FFF5-8CC0-4B32-BACD-8CC3CEAFD882}.Release|Any CPU.Build.0 = Release|Any CPU
		{3A2E1033-33A9-4A75-A166-C9C565B59820}.Debug|Any CPU.ActiveCfg = Debug|Any CPU
		{3A2E1033-33A9-4A75-A166-C9C565B59820}.Debug|Any CPU.Build.0 = Debug|Any CPU
		{3A2E1033-33A9-4A75-A166-C9C565B59820}.Release|Any CPU.ActiveCfg = Release|Any CPU
		{3A2E1033-33A9-4A75-A166-C9C565B59820}.Release|Any CPU.Build.0 = Release|Any CPU
	EndGlobalSection
	GlobalSection(SolutionProperties) = preSolution
		HideSolutionNode = FALSE
	EndGlobalSection
	GlobalSection(NestedProjects) = preSolution
		{F0F184A4-98AF-4FE9-92D9-5B02A726261E} = {249BBE9A-8C87-4782-8603-FFDC20306B7C}
		{6CD5FFF5-8CC0-4B32-BACD-8CC3CEAFD882} = {D12CD1C7-7274-428E-86D1-E958CADC5FC2}
		{3A2E1033-33A9-4A75-A166-C9C565B59820} = {7B32F916-C9D6-4C55-A870-681E6C7F298D}
	EndGlobalSection
EndGlobal
